// !$*UTF8*$!
{
	archiveVersion = 1;
	classes = {
	};
	objectVersion = 46;
	objects = {

/* Begin PBXBuildFile section */
		32C317071F11994B00E7FDCF /* main.m in Sources */ = {isa = PBXBuildFile; fileRef = 32C317061F11994B00E7FDCF /* main.m */; };
		32C3170A1F11994B00E7FDCF /* AppDelegate.m in Sources */ = {isa = PBXBuildFile; fileRef = 32C317091F11994B00E7FDCF /* AppDelegate.m */; };
		32C317121F11994B00E7FDCF /* Assets.xcassets in Resources */ = {isa = PBXBuildFile; fileRef = 32C317111F11994B00E7FDCF /* Assets.xcassets */; };
		32C317151F11994B00E7FDCF /* LaunchScreen.storyboard in Resources */ = {isa = PBXBuildFile; fileRef = 32C317131F11994B00E7FDCF /* LaunchScreen.storyboard */; };
		32C3171F1F1199D800E7FDCF /* LHLXwingViewController.m in Sources */ = {isa = PBXBuildFile; fileRef = 32C3171D1F1199D800E7FDCF /* LHLXwingViewController.m */; };
		32C317201F1199D800E7FDCF /* LHLXwingViewController.xib in Resources */ = {isa = PBXBuildFile; fileRef = 32C3171E1F1199D800E7FDCF /* LHLXwingViewController.xib */; };
		32C317221F119AB800E7FDCF /* space.jpg in Resources */ = {isa = PBXBuildFile; fileRef = 32C317211F119AB800E7FDCF /* space.jpg */; };
		32C317241F119AC200E7FDCF /* xwing.png in Resources */ = {isa = PBXBuildFile; fileRef = 32C317231F119AC200E7FDCF /* xwing.png */; };
		32C317281F11A21800E7FDCF /* LHLSecondViewController.m in Sources */ = {isa = PBXBuildFile; fileRef = 32C317261F11A21800E7FDCF /* LHLSecondViewController.m */; };
		32C317291F11A21800E7FDCF /* LHLSecondViewController.xib in Resources */ = {isa = PBXBuildFile; fileRef = 32C317271F11A21800E7FDCF /* LHLSecondViewController.xib */; };
		32C3172C1F1217EE00E7FDCF /* Starjedi.ttf in Resources */ = {isa = PBXBuildFile; fileRef = 32C3172A1F1214DA00E7FDCF /* Starjedi.ttf */; };
		32C3172E1F1220A400E7FDCF /* storm_trooper.jpg in Resources */ = {isa = PBXBuildFile; fileRef = 32C3172D1F1220A400E7FDCF /* storm_trooper.jpg */; };
/* End PBXBuildFile section */

/* Begin PBXFileReference section */
		32C317021F11994B00E7FDCF /* Xwing.app */ = {isa = PBXFileReference; explicitFileType = wrapper.application; includeInIndex = 0; path = Xwing.app; sourceTree = BUILT_PRODUCTS_DIR; };
		32C317061F11994B00E7FDCF /* main.m */ = {isa = PBXFileReference; lastKnownFileType = sourcecode.c.objc; path = main.m; sourceTree = "<group>"; };
		32C317081F11994B00E7FDCF /* AppDelegate.h */ = {isa = PBXFileReference; lastKnownFileType = sourcecode.c.h; path = AppDelegate.h; sourceTree = "<group>"; };
		32C317091F11994B00E7FDCF /* AppDelegate.m */ = {isa = PBXFileReference; lastKnownFileType = sourcecode.c.objc; path = AppDelegate.m; sourceTree = "<group>"; };
		32C317111F11994B00E7FDCF /* Assets.xcassets */ = {isa = PBXFileReference; lastKnownFileType = folder.assetcatalog; path = Assets.xcassets; sourceTree = "<group>"; };
		32C317141F11994B00E7FDCF /* Base */ = {isa = PBXFileReference; lastKnownFileType = file.storyboard; name = Base; path = Base.lproj/LaunchScreen.storyboard; sourceTree = "<group>"; };
		32C317161F11994B00E7FDCF /* Info.plist */ = {isa = PBXFileReference; lastKnownFileType = text.plist.xml; path = Info.plist; sourceTree = "<group>"; };
		32C3171C1F1199D800E7FDCF /* LHLXwingViewController.h */ = {isa = PBXFileReference; fileEncoding = 4; lastKnownFileType = sourcecode.c.h; path = LHLXwingViewController.h; sourceTree = "<group>"; };
		32C3171D1F1199D800E7FDCF /* LHLXwingViewController.m */ = {isa = PBXFileReference; fileEncoding = 4; lastKnownFileType = sourcecode.c.objc; path = LHLXwingViewController.m; sourceTree = "<group>"; };
		32C3171E1F1199D800E7FDCF /* LHLXwingViewController.xib */ = {isa = PBXFileReference; fileEncoding = 4; lastKnownFileType = file.xib; path = LHLXwingViewController.xib; sourceTree = "<group>"; };
		32C317211F119AB800E7FDCF /* space.jpg */ = {isa = PBXFileReference; lastKnownFileType = image.jpeg; path = space.jpg; sourceTree = "<group>"; };
		32C317231F119AC200E7FDCF /* xwing.png */ = {isa = PBXFileReference; lastKnownFileType = image.png; path = xwing.png; sourceTree = "<group>"; };
		32C317251F11A21800E7FDCF /* LHLSecondViewController.h */ = {isa = PBXFileReference; fileEncoding = 4; lastKnownFileType = sourcecode.c.h; path = LHLSecondViewController.h; sourceTree = "<group>"; };
		32C317261F11A21800E7FDCF /* LHLSecondViewController.m */ = {isa = PBXFileReference; fileEncoding = 4; lastKnownFileType = sourcecode.c.objc; path = LHLSecondViewController.m; sourceTree = "<group>"; };
		32C317271F11A21800E7FDCF /* LHLSecondViewController.xib */ = {isa = PBXFileReference; fileEncoding = 4; lastKnownFileType = file.xib; path = LHLSecondViewController.xib; sourceTree = "<group>"; };
		32C3172A1F1214DA00E7FDCF /* Starjedi.ttf */ = {isa = PBXFileReference; lastKnownFileType = file; path = Starjedi.ttf; sourceTree = "<group>"; };
		32C3172D1F1220A400E7FDCF /* storm_trooper.jpg */ = {isa = PBXFileReference; lastKnownFileType = image.jpeg; path = storm_trooper.jpg; sourceTree = "<group>"; };
/* End PBXFileReference section */

/* Begin PBXFrameworksBuildPhase section */
		32C316FF1F11994B00E7FDCF /* Frameworks */ = {
			isa = PBXFrameworksBuildPhase;
			buildActionMask = 2147483647;
			files = (
			);
			runOnlyForDeploymentPostprocessing = 0;
		};
/* End PBXFrameworksBuildPhase section */

/* Begin PBXGroup section */
		32C316F91F11994B00E7FDCF = {
			isa = PBXGroup;
			children = (
				32C317041F11994B00E7FDCF /* Xwing */,
				32C317031F11994B00E7FDCF /* Products */,
			);
			sourceTree = "<group>";
		};
		32C317031F11994B00E7FDCF /* Products */ = {
			isa = PBXGroup;
			children = (
				32C317021F11994B00E7FDCF /* Xwing.app */,
			);
			name = Products;
			sourceTree = "<group>";
		};
		32C317041F11994B00E7FDCF /* Xwing */ = {
			isa = PBXGroup;
			children = (
				32C3172B1F12174E00E7FDCF /* Resources */,
				32C317081F11994B00E7FDCF /* AppDelegate.h */,
				32C317091F11994B00E7FDCF /* AppDelegate.m */,
				32C3171C1F1199D800E7FDCF /* LHLXwingViewController.h */,
				32C3171D1F1199D800E7FDCF /* LHLXwingViewController.m */,
				32C3171E1F1199D800E7FDCF /* LHLXwingViewController.xib */,
				32C317111F11994B00E7FDCF /* Assets.xcassets */,
				32C317131F11994B00E7FDCF /* LaunchScreen.storyboard */,
				32C317161F11994B00E7FDCF /* Info.plist */,
				32C317051F11994B00E7FDCF /* Supporting Files */,
				32C317251F11A21800E7FDCF /* LHLSecondViewController.h */,
				32C317261F11A21800E7FDCF /* LHLSecondViewController.m */,
				32C317271F11A21800E7FDCF /* LHLSecondViewController.xib */,
			);
			path = Xwing;
			sourceTree = "<group>";
		};
		32C317051F11994B00E7FDCF /* Supporting Files */ = {
			isa = PBXGroup;
			children = (
				32C317061F11994B00E7FDCF /* main.m */,
			);
			name = "Supporting Files";
			sourceTree = "<group>";
		};
		32C3172B1F12174E00E7FDCF /* Resources */ = {
			isa = PBXGroup;
			children = (
				32C3172D1F1220A400E7FDCF /* storm_trooper.jpg */,
				32C3172A1F1214DA00E7FDCF /* Starjedi.ttf */,
				32C317211F119AB800E7FDCF /* space.jpg */,
				32C317231F119AC200E7FDCF /* xwing.png */,
			);
			name = Resources;
			sourceTree = "<group>";
		};
/* End PBXGroup section */

/* Begin PBXNativeTarget section */
		32C317011F11994B00E7FDCF /* Xwing */ = {
			isa = PBXNativeTarget;
			buildConfigurationList = 32C317191F11994B00E7FDCF /* Build configuration list for PBXNativeTarget "Xwing" */;
			buildPhases = (
				32C316FE1F11994B00E7FDCF /* Sources */,
				32C316FF1F11994B00E7FDCF /* Frameworks */,
				32C317001F11994B00E7FDCF /* Resources */,
			);
			buildRules = (
			);
			dependencies = (
			);
			name = Xwing;
			productName = Xwing;
			productReference = 32C317021F11994B00E7FDCF /* Xwing.app */;
			productType = "com.apple.product-type.application";
		};
/* End PBXNativeTarget section */

/* Begin PBXProject section */
		32C316FA1F11994B00E7FDCF /* Project object */ = {
			isa = PBXProject;
			attributes = {
				LastUpgradeCheck = 0830;
				ORGANIZATIONNAME = "Luis Eduardo Herrera Lillo";
				TargetAttributes = {
					32C317011F11994B00E7FDCF = {
						CreatedOnToolsVersion = 8.3.3;
						DevelopmentTeam = XZHL7XD48E;
						ProvisioningStyle = Automatic;
					};
				};
			};
			buildConfigurationList = 32C316FD1F11994B00E7FDCF /* Build configuration list for PBXProject "Xwing" */;
			compatibilityVersion = "Xcode 3.2";
			developmentRegion = English;
			hasScannedForEncodings = 0;
			knownRegions = (
				en,
				Base,
			);
			mainGroup = 32C316F91F11994B00E7FDCF;
			productRefGroup = 32C317031F11994B00E7FDCF /* Products */;
			projectDirPath = "";
			projectRoot = "";
			targets = (
				32C317011F11994B00E7FDCF /* Xwing */,
			);
		};
/* End PBXProject section */

/* Begin PBXResourcesBuildPhase section */
		32C317001F11994B00E7FDCF /* Resources */ = {
			isa = PBXResourcesBuildPhase;
			buildActionMask = 2147483647;
			files = (
				32C317221F119AB800E7FDCF /* space.jpg in Resources */,
				32C317291F11A21800E7FDCF /* LHLSecondViewController.xib in Resources */,
				32C317151F11994B00E7FDCF /* LaunchScreen.storyboard in Resources */,
				32C317241F119AC200E7FDCF /* xwing.png in Resources */,
				32C317121F11994B00E7FDCF /* Assets.xcassets in Resources */,
				32C3172C1F1217EE00E7FDCF /* Starjedi.ttf in Resources */,
				32C317201F1199D800E7FDCF /* LHLXwingViewController.xib in Resources */,
				32C3172E1F1220A400E7FDCF /* storm_trooper.jpg in Resources */,
			);
			runOnlyForDeploymentPostprocessing = 0;
		};
/* End PBXResourcesBuildPhase section */

/* Begin PBXSourcesBuildPhase section */
		32C316FE1F11994B00E7FDCF /* Sources */ = {
			isa = PBXSourcesBuildPhase;
			buildActionMask = 2147483647;
			files = (
				32C3170A1F11994B00E7FDCF /* AppDelegate.m in Sources */,
				32C317071F11994B00E7FDCF /* main.m in Sources */,
				32C3171F1F1199D800E7FDCF /* LHLXwingViewController.m in Sources */,
				32C317281F11A21800E7FDCF /* LHLSecondViewController.m in Sources */,
			);
			runOnlyForDeploymentPostprocessing = 0;
		};
/* End PBXSourcesBuildPhase section */

/* Begin PBXVariantGroup section */
		32C317131F11994B00E7FDCF /* LaunchScreen.storyboard */ = {
			isa = PBXVariantGroup;
			children = (
				32C317141F11994B00E7FDCF /* Base */,
			);
			name = LaunchScreen.storyboard;
			sourceTree = "<group>";
		};
/* End PBXVariantGroup section */

/* Begin XCBuildConfiguration section */
		32C317171F11994B00E7FDCF /* Debug */ = {
			isa = XCBuildConfiguration;
			buildSettings = {
				ALWAYS_SEARCH_USER_PATHS = NO;
				CLANG_ANALYZER_NONNULL = YES;
				CLANG_ANALYZER_NUMBER_OBJECT_CONVERSION = YES_AGGRESSIVE;
				CLANG_CXX_LANGUAGE_STANDARD = "gnu++0x";
				CLANG_CXX_LIBRARY = "libc++";
				CLANG_ENABLE_MODULES = YES;
				CLANG_ENABLE_OBJC_ARC = YES;
				CLANG_WARN_BOOL_CONVERSION = YES;
				CLANG_WARN_CONSTANT_CONVERSION = YES;
				CLANG_WARN_DIRECT_OBJC_ISA_USAGE = YES_ERROR;
				CLANG_WARN_DOCUMENTATION_COMMENTS = YES;
				CLANG_WARN_EMPTY_BODY = YES;
				CLANG_WARN_ENUM_CONVERSION = YES;
				CLANG_WARN_INFINITE_RECURSION = YES;
				CLANG_WARN_INT_CONVERSION = YES;
				CLANG_WARN_OBJC_ROOT_CLASS = YES_ERROR;
				CLANG_WARN_SUSPICIOUS_MOVE = YES;
				CLANG_WARN_UNREACHABLE_CODE = YES;
				CLANG_WARN__DUPLICATE_METHOD_MATCH = YES;
				"CODE_SIGN_IDENTITY[sdk=iphoneos*]" = "iPhone Developer";
				COPY_PHASE_STRIP = NO;
				DEBUG_INFORMATION_FORMAT = dwarf;
				ENABLE_STRICT_OBJC_MSGSEND = YES;
				ENABLE_TESTABILITY = YES;
				GCC_C_LANGUAGE_STANDARD = gnu99;
				GCC_DYNAMIC_NO_PIC = NO;
				GCC_NO_COMMON_BLOCKS = YES;
				GCC_OPTIMIZATION_LEVEL = 0;
				GCC_PREPROCESSOR_DEFINITIONS = (
					"DEBUG=1",
					"$(inherited)",
				);
				GCC_WARN_64_TO_32_BIT_CONVERSION = YES;
				GCC_WARN_ABOUT_RETURN_TYPE = YES_ERROR;
				GCC_WARN_UNDECLARED_SELECTOR = YES;
				GCC_WARN_UNINITIALIZED_AUTOS = YES_AGGRESSIVE;
				GCC_WARN_UNUSED_FUNCTION = YES;
				GCC_WARN_UNUSED_VARIABLE = YES;
				IPHONEOS_DEPLOYMENT_TARGET = 10.3;
				MTL_ENABLE_DEBUG_INFO = YES;
				ONLY_ACTIVE_ARCH = YES;
				SDKROOT = iphoneos;
			};
			name = Debug;
		};
		32C317181F11994B00E7FDCF /* Release */ = {
			isa = XCBuildConfiguration;
			buildSettings = {
				ALWAYS_SEARCH_USER_PATHS = NO;
				CLANG_ANALYZER_NONNULL = YES;
				CLANG_ANALYZER_NUMBER_OBJECT_CONVERSION = YES_AGGRESSIVE;
				CLANG_CXX_LANGUAGE_STANDARD = "gnu++0x";
				CLANG_CXX_LIBRARY = "libc++";
				CLANG_ENABLE_MODULES = YES;
				CLANG_ENABLE_OBJC_ARC = YES;
				CLANG_WARN_BOOL_CONVERSION = YES;
				CLANG_WARN_CONSTANT_CONVERSION = YES;
				CLANG_WARN_DIRECT_OBJC_ISA_USAGE = YES_ERROR;
				CLANG_WARN_DOCUMENTATION_COMMENTS = YES;
				CLANG_WARN_EMPTY_BODY = YES;
				CLANG_WARN_ENUM_CONVERSION = YES;
				CLANG_WARN_INFINITE_RECURSION = YES;
				CLANG_WARN_INT_CONVERSION = YES;
				CLANG_WARN_OBJC_ROOT_CLASS = YES_ERROR;
				CLANG_WARN_SUSPICIOUS_MOVE = YES;
				CLANG_WARN_UNREACHABLE_CODE = YES;
				CLANG_WARN__DUPLICATE_METHOD_MATCH = YES;
				"CODE_SIGN_IDENTITY[sdk=iphoneos*]" = "iPhone Developer";
				COPY_PHASE_STRIP = NO;
				DEBUG_INFORMATION_FORMAT = "dwarf-with-dsym";
				ENABLE_NS_ASSERTIONS = NO;
				ENABLE_STRICT_OBJC_MSGSEND = YES;
				GCC_C_LANGUAGE_STANDARD = gnu99;
				GCC_NO_COMMON_BLOCKS = YES;
				GCC_WARN_64_TO_32_BIT_CONVERSION = YES;
				GCC_WARN_ABOUT_RETURN_TYPE = YES_ERROR;
				GCC_WARN_UNDECLARED_SELECTOR = YES;
				GCC_WARN_UNINITIALIZED_AUTOS = YES_AGGRESSIVE;
				GCC_WARN_UNUSED_FUNCTION = YES;
				GCC_WARN_UNUSED_VARIABLE = YES;
				IPHONEOS_DEPLOYMENT_TARGET = 10.3;
				MTL_ENABLE_DEBUG_INFO = NO;
				SDKROOT = iphoneos;
				VALIDATE_PRODUCT = YES;
			};
			name = Release;
		};
		32C3171A1F11994B00E7FDCF /* Debug */ = {
			isa = XCBuildConfiguration;
			buildSettings = {
				ASSETCATALOG_COMPILER_APPICON_NAME = AppIcon;
				DEVELOPMENT_TEAM = XZHL7XD48E;
				INFOPLIST_FILE = Xwing/Info.plist;
				LD_RUNPATH_SEARCH_PATHS = "$(inherited) @executable_path/Frameworks";
				PRODUCT_BUNDLE_IDENTIFIER = com.LHL.Xwing;
				PRODUCT_NAME = "$(TARGET_NAME)";
			};
			name = Debug;
		};
		32C3171B1F11994B00E7FDCF /* Release */ = {
			isa = XCBuildConfiguration;
			buildSettings = {
				ASSETCATALOG_COMPILER_APPICON_NAME = AppIcon;
				DEVELOPMENT_TEAM = XZHL7XD48E;
				INFOPLIST_FILE = Xwing/Info.plist;
				LD_RUNPATH_SEARCH_PATHS = "$(inherited) @executable_path/Frameworks";
				PRODUCT_BUNDLE_IDENTIFIER = com.LHL.Xwing;
				PRODUCT_NAME = "$(TARGET_NAME)";
			};
			name = Release;
		};
/* End XCBuildConfiguration section */

/* Begin XCConfigurationList section */
		32C316FD1F11994B00E7FDCF /* Build configuration list for PBXProject "Xwing" */ = {
			isa = XCConfigurationList;
			buildConfigurations = (
				32C317171F11994B00E7FDCF /* Debug */,
				32C317181F11994B00E7FDCF /* Release */,
			);
			defaultConfigurationIsVisible = 0;
			defaultConfigurationName = Release;
		};
		32C317191F11994B00E7FDCF /* Build configuration list for PBXNativeTarget "Xwing" */ = {
			isa = XCConfigurationList;
			buildConfigurations = (
				32C3171A1F11994B00E7FDCF /* Debug */,
				32C3171B1F11994B00E7FDCF /* Release */,
			);
			defaultConfigurationIsVisible = 0;
			defaultConfigurationName = Release;
		};
/* End XCConfigurationList section */
	};
	rootObject = 32C316FA1F11994B00E7FDCF /* Project object */;
}
